// !$*UTF8*$!
{
	archiveVersion = 1;
	classes = {
	};
	objectVersion = 46;
	objects = {

/* Begin PBXBuildFile section */
		1994044B1F109D1800135FD2 /* main.m in Sources */ = {isa = PBXBuildFile; fileRef = 1994044A1F109D1800135FD2 /* main.m */; };
		1994044E1F109D1800135FD2 /* AppDelegate.m in Sources */ = {isa = PBXBuildFile; fileRef = 1994044D1F109D1800135FD2 /* AppDelegate.m */; };
		199404511F109D1800135FD2 /* ViewController.m in Sources */ = {isa = PBXBuildFile; fileRef = 199404501F109D1800135FD2 /* ViewController.m */; };
		199404541F109D1800135FD2 /* Main.storyboard in Resources */ = {isa = PBXBuildFile; fileRef = 199404521F109D1800135FD2 /* Main.storyboard */; };
		199404561F109D1800135FD2 /* Assets.xcassets in Resources */ = {isa = PBXBuildFile; fileRef = 199404551F109D1800135FD2 /* Assets.xcassets */; };
		199404591F109D1800135FD2 /* LaunchScreen.storyboard in Resources */ = {isa = PBXBuildFile; fileRef = 199404571F109D1800135FD2 /* LaunchScreen.storyboard */; };
/* End PBXBuildFile section */

/* Begin PBXFileReference section */
		199404461F109D1800135FD2 /* TestPods.app */ = {isa = PBXFileReference; explicitFileType = wrapper.application; includeInIndex = 0; path = TestPods.app; sourceTree = BUILT_PRODUCTS_DIR; };
		1994044A1F109D1800135FD2 /* main.m */ = {isa = PBXFileReference; lastKnownFileType = sourcecode.c.objc; path = main.m; sourceTree = "<group>"; };
		1994044C1F109D1800135FD2 /* AppDelegate.h */ = {isa = PBXFileReference; lastKnownFileType = sourcecode.c.h; path = AppDelegate.h; sourceTree = "<group>"; };
		1994044D1F109D1800135FD2 /* AppDelegate.m */ = {isa = PBXFileReference; lastKnownFileType = sourcecode.c.objc; path = AppDelegate.m; sourceTree = "<group>"; };
		1994044F1F109D1800135FD2 /* ViewController.h */ = {isa = PBXFileReference; lastKnownFileType = sourcecode.c.h; path = ViewController.h; sourceTree = "<group>"; };
		199404501F109D1800135FD2 /* ViewController.m */ = {isa = PBXFileReference; lastKnownFileType = sourcecode.c.objc; path = ViewController.m; sourceTree = "<group>"; };
		199404531F109D1800135FD2 /* Base */ = {isa = PBXFileReference; lastKnownFileType = file.storyboard; name = Base; path = Base.lproj/Main.storyboard; sourceTree = "<group>"; };
		199404551F109D1800135FD2 /* Assets.xcassets */ = {isa = PBXFileReference; lastKnownFileType = folder.assetcatalog; path = Assets.xcassets; sourceTree = "<group>"; };
		199404581F109D1800135FD2 /* Base */ = {isa = PBXFileReference; lastKnownFileType = file.storyboard; name = Base; path = Base.lproj/LaunchScreen.storyboard; sourceTree = "<group>"; };
		1994045A1F109D1800135FD2 /* Info.plist */ = {isa = PBXFileReference; lastKnownFileType = text.plist.xml; path = Info.plist; sourceTree = "<group>"; };
/* End PBXFileReference section */

/* Begin PBXFrameworksBuildPhase section */
		199404431F109D1800135FD2 /* Frameworks */ = {
			isa = PBXFrameworksBuildPhase;
			buildActionMask = 2147483647;
			files = (
			);
			runOnlyForDeploymentPostprocessing = 0;
		};
/* End PBXFrameworksBuildPhase section */

/* Begin PBXGroup section */
		1994043D1F109D1800135FD2 = {
			isa = PBXGroup;
			children = (
				199404481F109D1800135FD2 /* TestPods */,
				199404471F109D1800135FD2 /* Products */,
			);
			sourceTree = "<group>";
		};
		199404471F109D1800135FD2 /* Products */ = {
			isa = PBXGroup;
			children = (
				199404461F109D1800135FD2 /* TestPods.app */,
			);
			name = Products;
			sourceTree = "<group>";
		};
		199404481F109D1800135FD2 /* TestPods */ = {
			isa = PBXGroup;
			children = (
				1994044C1F109D1800135FD2 /* AppDelegate.h */,
				1994044D1F109D1800135FD2 /* AppDelegate.m */,
				1994044F1F109D1800135FD2 /* ViewController.h */,
				199404501F109D1800135FD2 /* ViewController.m */,
				199404521F109D1800135FD2 /* Main.storyboard */,
				199404551F109D1800135FD2 /* Assets.xcassets */,
				199404571F109D1800135FD2 /* LaunchScreen.storyboard */,
				1994045A1F109D1800135FD2 /* Info.plist */,
				199404491F109D1800135FD2 /* Supporting Files */,
			);
			path = TestPods;
			sourceTree = "<group>";
		};
		199404491F109D1800135FD2 /* Supporting Files */ = {
			isa = PBXGroup;
			children = (
				1994044A1F109D1800135FD2 /* main.m */,
			);
			name = "Supporting Files";
			sourceTree = "<group>";
		};
/* End PBXGroup section */

/* Begin PBXNativeTarget section */
		199404451F109D1800135FD2 /* TestPods */ = {
			isa = PBXNativeTarget;
			buildConfigurationList = 1994045D1F109D1800135FD2 /* Build configuration list for PBXNativeTarget "TestPods" */;
			buildPhases = (
				199404421F109D1800135FD2 /* Sources */,
				199404431F109D1800135FD2 /* Frameworks */,
				199404441F109D1800135FD2 /* Resources */,
			);
			buildRules = (
			);
			dependencies = (
			);
			name = TestPods;
			productName = TestPods;
			productReference = 199404461F109D1800135FD2 /* TestPods.app */;
			productType = "com.apple.product-type.application";
		};
/* End PBXNativeTarget section */

/* Begin PBXProject section */
		1994043E1F109D1800135FD2 /* Project object */ = {
			isa = PBXProject;
			attributes = {
				LastUpgradeCheck = 0830;
				ORGANIZATIONNAME = aa;
				TargetAttributes = {
					199404451F109D1800135FD2 = {
						CreatedOnToolsVersion = 8.3.3;
						ProvisioningStyle = Automatic;
					};
				};
			};
			buildConfigurationList = 199404411F109D1800135FD2 /* Build configuration list for PBXProject "TestPods" */;
			compatibilityVersion = "Xcode 3.2";
			developmentRegion = English;
			hasScannedForEncodings = 0;
			knownRegions = (
				en,
				Base,
			);
			mainGroup = 1994043D1F109D1800135FD2;
			productRefGroup = 199404471F109D1800135FD2 /* Products */;
			projectDirPath = "";
			projectRoot = "";
			targets = (
				199404451F109D1800135FD2 /* TestPods */,
			);
		};
/* End PBXProject section */

/* Begin PBXResourcesBuildPhase section */
		199404441F109D1800135FD2 /* Resources */ = {
			isa = PBXResourcesBuildPhase;
			buildActionMask = 2147483647;
			files = (
				199404591F109D1800135FD2 /* LaunchScreen.storyboard in Resources */,
				199404561F109D1800135FD2 /* Assets.xcassets in Resources */,
				199404541F109D1800135FD2 /* Main.storyboard in Resources */,
			);
			runOnlyForDeploymentPostprocessing = 0;
		};
/* End PBXResourcesBuildPhase section */

/* Begin PBXSourcesBuildPhase section */
		199404421F109D1800135FD2 /* Sources */ = {
			isa = PBXSourcesBuildPhase;
			buildActionMask = 2147483647;
			files = (
				199404511F109D1800135FD2 /* ViewController.m in Sources */,
				1994044E1F109D1800135FD2 /* AppDelegate.m in Sources */,
				1994044B1F109D1800135FD2 /* main.m in Sources */,
			);
			runOnlyForDeploymentPostprocessing = 0;
		};
/* End PBXSourcesBuildPhase section */

/* Begin PBXVariantGroup section */
		199404521F109D1800135FD2 /* Main.storyboard */ = {
			isa = PBXVariantGroup;
			children = (
				199404531F109D1800135FD2 /* Base */,
			);
			name = Main.storyboard;
			sourceTree = "<group>";
		};
		199404571F109D1800135FD2 /* LaunchScreen.storyboard */ = {
			isa = PBXVariantGroup;
			children = (
				199404581F109D1800135FD2 /* Base */,
			);
			name = LaunchScreen.storyboard;
			sourceTree = "<group>";
		};
/* End PBXVariantGroup section */

/* Begin XCBuildConfiguration section */
		1994045B1F109D1800135FD2 /* Debug */ = {
			isa = XCBuildConfiguration;
			buildSettings = {
				ALWAYS_SEARCH_USER_PATHS = NO;
				CLANG_ANALYZER_NONNULL = YES;
				CLANG_ANALYZER_NUMBER_OBJECT_CONVERSION = YES_AGGRESSIVE;
				CLANG_CXX_LANGUAGE_STANDARD = "gnu++0x";
				CLANG_CXX_LIBRARY = "libc++";
				CLANG_ENABLE_MODULES = YES;
				CLANG_ENABLE_OBJC_ARC = YES;
				CLANG_WARN_BOOL_CONVERSION = YES;
				CLANG_WARN_CONSTANT_CONVERSION = YES;
				CLANG_WARN_DIRECT_OBJC_ISA_USAGE = YES_ERROR;
				CLANG_WARN_DOCUMENTATION_COMMENTS = YES;
				CLANG_WARN_EMPTY_BODY = YES;
				CLANG_WARN_ENUM_CONVERSION = YES;
				CLANG_WARN_INFINITE_RECURSION = YES;
				CLANG_WARN_INT_CONVERSION = YES;
				CLANG_WARN_OBJC_ROOT_CLASS = YES_ERROR;
				CLANG_WARN_SUSPICIOUS_MOVE = YES;
				CLANG_WARN_UNREACHABLE_CODE = YES;
				CLANG_WARN__DUPLICATE_METHOD_MATCH = YES;
				"CODE_SIGN_IDENTITY[sdk=iphoneos*]" = "iPhone Developer";
				COPY_PHASE_STRIP = NO;
				DEBUG_INFORMATION_FORMAT = dwarf;
				ENABLE_STRICT_OBJC_MSGSEND = YES;
				ENABLE_TESTABILITY = YES;
				GCC_C_LANGUAGE_STANDARD = gnu99;
				GCC_DYNAMIC_NO_PIC = NO;
				GCC_NO_COMMON_BLOCKS = YES;
				GCC_OPTIMIZATION_LEVEL = 0;
				GCC_PREPROCESSOR_DEFINITIONS = (
					"DEBUG=1",
					"$(inherited)",
				);
				GCC_WARN_64_TO_32_BIT_CONVERSION = YES;
				GCC_WARN_ABOUT_RETURN_TYPE = YES_ERROR;
				GCC_WARN_UNDECLARED_SELECTOR = YES;
				GCC_WARN_UNINITIALIZED_AUTOS = YES_AGGRESSIVE;
				GCC_WARN_UNUSED_FUNCTION = YES;
				GCC_WARN_UNUSED_VARIABLE = YES;
				IPHONEOS_DEPLOYMENT_TARGET = 10.3;
				MTL_ENABLE_DEBUG_INFO = YES;
				ONLY_ACTIVE_ARCH = YES;
				SDKROOT = iphoneos;
			};
			name = Debug;
		};
		1994045C1F109D1800135FD2 /* Release */ = {
			isa = XCBuildConfiguration;
			buildSettings = {
				ALWAYS_SEARCH_USER_PATHS = NO;
				CLANG_ANALYZER_NONNULL = YES;
				CLANG_ANALYZER_NUMBER_OBJECT_CONVERSION = YES_AGGRESSIVE;
				CLANG_CXX_LANGUAGE_STANDARD = "gnu++0x";
				CLANG_CXX_LIBRARY = "libc++";
				CLANG_ENABLE_MODULES = YES;
				CLANG_ENABLE_OBJC_ARC = YES;
				CLANG_WARN_BOOL_CONVERSION = YES;
				CLANG_WARN_CONSTANT_CONVERSION = YES;
				CLANG_WARN_DIRECT_OBJC_ISA_USAGE = YES_ERROR;
				CLANG_WARN_DOCUMENTATION_COMMENTS = YES;
				CLANG_WARN_EMPTY_BODY = YES;
				CLANG_WARN_ENUM_CONVERSION = YES;
				CLANG_WARN_INFINITE_RECURSION = YES;
				CLANG_WARN_INT_CONVERSION = YES;
				CLANG_WARN_OBJC_ROOT_CLASS = YES_ERROR;
				CLANG_WARN_SUSPICIOUS_MOVE = YES;
				CLANG_WARN_UNREACHABLE_CODE = YES;
				CLANG_WARN__DUPLICATE_METHOD_MATCH = YES;
				"CODE_SIGN_IDENTITY[sdk=iphoneos*]" = "iPhone Developer";
				COPY_PHASE_STRIP = NO;
				DEBUG_INFORMATION_FORMAT = "dwarf-with-dsym";
				ENABLE_NS_ASSERTIONS = NO;
				ENABLE_STRICT_OBJC_MSGSEND = YES;
				GCC_C_LANGUAGE_STANDARD = gnu99;
				GCC_NO_COMMON_BLOCKS = YES;
				GCC_WARN_64_TO_32_BIT_CONVERSION = YES;
				GCC_WARN_ABOUT_RETURN_TYPE = YES_ERROR;
				GCC_WARN_UNDECLARED_SELECTOR = YES;
				GCC_WARN_UNINITIALIZED_AUTOS = YES_AGGRESSIVE;
				GCC_WARN_UNUSED_FUNCTION = YES;
				GCC_WARN_UNUSED_VARIABLE = YES;
				IPHONEOS_DEPLOYMENT_TARGET = 10.3;
				MTL_ENABLE_DEBUG_INFO = NO;
				SDKROOT = iphoneos;
				VALIDATE_PRODUCT = YES;
			};
			name = Release;
		};
		1994045E1F109D1800135FD2 /* Debug */ = {
			isa = XCBuildConfiguration;
			buildSettings = {
				ASSETCATALOG_COMPILER_APPICON_NAME = AppIcon;
				INFOPLIST_FILE = TestPods/Info.plist;
				LD_RUNPATH_SEARCH_PATHS = "$(inherited) @executable_path/Frameworks";
				PRODUCT_BUNDLE_IDENTIFIER = com.aa.TestPods;
				PRODUCT_NAME = "$(TARGET_NAME)";
			};
			name = Debug;
		};
		1994045F1F109D1800135FD2 /* Release */ = {
			isa = XCBuildConfiguration;
			buildSettings = {
				ASSETCATALOG_COMPILER_APPICON_NAME = AppIcon;
				INFOPLIST_FILE = TestPods/Info.plist;
				LD_RUNPATH_SEARCH_PATHS = "$(inherited) @executable_path/Frameworks";
				PRODUCT_BUNDLE_IDENTIFIER = com.aa.TestPods;
				PRODUCT_NAME = "$(TARGET_NAME)";
			};
			name = Release;
		};
/* End XCBuildConfiguration section */

/* Begin XCConfigurationList section */
		199404411F109D1800135FD2 /* Build configuration list for PBXProject "TestPods" */ = {
			isa = XCConfigurationList;
			buildConfigurations = (
				1994045B1F109D1800135FD2 /* Debug */,
				1994045C1F109D1800135FD2 /* Release */,
			);
			defaultConfigurationIsVisible = 0;
			defaultConfigurationName = Release;
		};
		1994045D1F109D1800135FD2 /* Build configuration list for PBXNativeTarget "TestPods" */ = {
			isa = XCConfigurationList;
			buildConfigurations = (
				1994045E1F109D1800135FD2 /* Debug */,
				1994045F1F109D1800135FD2 /* Release */,
			);
			defaultConfigurationIsVisible = 0;
		};
/* End XCConfigurationList section */
	};
	rootObject = 1994043E1F109D1800135FD2 /* Project object */;
}
